lockfileVersion: '6.0'

settings:
  autoInstallPeers: true
  excludeLinksFromLockfile: false

dependencies:
  '@google/generative-ai':
    specifier: ^0.19.0
    version: 0.19.0

devDependencies:
  dotenv:
    specifier: ^16.4.5
    version: 16.4.5

packages:

  /@google/generative-ai@0.19.0:
    resolution: {integrity: sha512-iGf/62v3sTwtEJGJY6S5m7PfkglU8hi1URaxqIjiRg1OItV27xyc4aVeR0og8cDkZFkUlGZKv+23bJtT1QWFzQ==}
    engines: {node: '>=18.0.0'}
    dev: false

  /dotenv@16.4.5:
    resolution: {integrity: sha512-ZmdL2rui+eB2YwhsWzjInR8LldtZHGDoQ1ugH85ppHKwpUHL7j7rN0Ti9NCnGiQbhaZ11FpR+7ao1dNsmduNUg==}
    engines: {node: '>=12'}
    dev: true
